// !$*UTF8*$!
{
	archiveVersion = 1;
	classes = {
	};
	objectVersion = 50;
	objects = {

/* Begin PBXBuildFile section */
		55367419262EAF48006C9E0D /* AppDelegate.swift in Sources */ = {isa = PBXBuildFile; fileRef = 55367418262EAF48006C9E0D /* AppDelegate.swift */; };
		5536741B262EAF48006C9E0D /* SceneDelegate.swift in Sources */ = {isa = PBXBuildFile; fileRef = 5536741A262EAF48006C9E0D /* SceneDelegate.swift */; };
		5536741D262EAF48006C9E0D /* ViewController.swift in Sources */ = {isa = PBXBuildFile; fileRef = 5536741C262EAF48006C9E0D /* ViewController.swift */; };
		55367420262EAF48006C9E0D /* Main.storyboard in Resources */ = {isa = PBXBuildFile; fileRef = 5536741E262EAF48006C9E0D /* Main.storyboard */; };
		55367422262EAF48006C9E0D /* Assets.xcassets in Resources */ = {isa = PBXBuildFile; fileRef = 55367421262EAF48006C9E0D /* Assets.xcassets */; };
		55367425262EAF48006C9E0D /* LaunchScreen.storyboard in Resources */ = {isa = PBXBuildFile; fileRef = 55367423262EAF48006C9E0D /* LaunchScreen.storyboard */; };
		55367432262EB131006C9E0D /* CustomKeyboard.xib in Resources */ = {isa = PBXBuildFile; fileRef = 55367431262EB131006C9E0D /* CustomKeyboard.xib */; };
		55367436262EB747006C9E0D /* Security_Keyboard.xib in Resources */ = {isa = PBXBuildFile; fileRef = 55367435262EB746006C9E0D /* Security_Keyboard.xib */; };
		5536743A262EC7E9006C9E0D /* CustomKeyboard.swift in Sources */ = {isa = PBXBuildFile; fileRef = 55367439262EC7E9006C9E0D /* CustomKeyboard.swift */; };
/* End PBXBuildFile section */

/* Begin PBXFileReference section */
		55367415262EAF48006C9E0D /* Custom_Keyboard.app */ = {isa = PBXFileReference; explicitFileType = wrapper.application; includeInIndex = 0; path = Custom_Keyboard.app; sourceTree = BUILT_PRODUCTS_DIR; };
		55367418262EAF48006C9E0D /* AppDelegate.swift */ = {isa = PBXFileReference; lastKnownFileType = sourcecode.swift; path = AppDelegate.swift; sourceTree = "<group>"; };
		5536741A262EAF48006C9E0D /* SceneDelegate.swift */ = {isa = PBXFileReference; lastKnownFileType = sourcecode.swift; path = SceneDelegate.swift; sourceTree = "<group>"; };
		5536741C262EAF48006C9E0D /* ViewController.swift */ = {isa = PBXFileReference; lastKnownFileType = sourcecode.swift; path = ViewController.swift; sourceTree = "<group>"; };
		5536741F262EAF48006C9E0D /* Base */ = {isa = PBXFileReference; lastKnownFileType = file.storyboard; name = Base; path = Base.lproj/Main.storyboard; sourceTree = "<group>"; };
		55367421262EAF48006C9E0D /* Assets.xcassets */ = {isa = PBXFileReference; lastKnownFileType = folder.assetcatalog; path = Assets.xcassets; sourceTree = "<group>"; };
		55367424262EAF48006C9E0D /* Base */ = {isa = PBXFileReference; lastKnownFileType = file.storyboard; name = Base; path = Base.lproj/LaunchScreen.storyboard; sourceTree = "<group>"; };
		55367426262EAF48006C9E0D /* Info.plist */ = {isa = PBXFileReference; lastKnownFileType = text.plist.xml; path = Info.plist; sourceTree = "<group>"; };
		55367431262EB131006C9E0D /* CustomKeyboard.xib */ = {isa = PBXFileReference; lastKnownFileType = file.xib; path = CustomKeyboard.xib; sourceTree = "<group>"; };
		55367435262EB746006C9E0D /* Security_Keyboard.xib */ = {isa = PBXFileReference; lastKnownFileType = file.xib; path = Security_Keyboard.xib; sourceTree = "<group>"; };
		55367439262EC7E9006C9E0D /* CustomKeyboard.swift */ = {isa = PBXFileReference; lastKnownFileType = sourcecode.swift; path = CustomKeyboard.swift; sourceTree = "<group>"; };
/* End PBXFileReference section */

/* Begin PBXFrameworksBuildPhase section */
		55367412262EAF48006C9E0D /* Frameworks */ = {
			isa = PBXFrameworksBuildPhase;
			buildActionMask = 2147483647;
			files = (
			);
			runOnlyForDeploymentPostprocessing = 0;
		};
/* End PBXFrameworksBuildPhase section */

/* Begin PBXGroup section */
		5536740C262EAF48006C9E0D = {
			isa = PBXGroup;
			children = (
				55367417262EAF48006C9E0D /* Custom_Keyboard */,
				55367416262EAF48006C9E0D /* Products */,
			);
			sourceTree = "<group>";
		};
		55367416262EAF48006C9E0D /* Products */ = {
			isa = PBXGroup;
			children = (
				55367415262EAF48006C9E0D /* Custom_Keyboard.app */,
			);
			name = Products;
			sourceTree = "<group>";
		};
		55367417262EAF48006C9E0D /* Custom_Keyboard */ = {
			isa = PBXGroup;
			children = (
				55367418262EAF48006C9E0D /* AppDelegate.swift */,
				5536741A262EAF48006C9E0D /* SceneDelegate.swift */,
				5536741C262EAF48006C9E0D /* ViewController.swift */,
				5536741E262EAF48006C9E0D /* Main.storyboard */,
				55367431262EB131006C9E0D /* CustomKeyboard.xib */,
				55367439262EC7E9006C9E0D /* CustomKeyboard.swift */,
				55367430262EB0E1006C9E0D /* CustomKeyboard */,
				55367421262EAF48006C9E0D /* Assets.xcassets */,
				55367423262EAF48006C9E0D /* LaunchScreen.storyboard */,
				55367426262EAF48006C9E0D /* Info.plist */,
			);
			path = Custom_Keyboard;
			sourceTree = "<group>";
		};
		55367430262EB0E1006C9E0D /* CustomKeyboard */ = {
			isa = PBXGroup;
			children = (
				55367434262EB732006C9E0D /* Test */,
			);
			path = CustomKeyboard;
			sourceTree = "<group>";
		};
		55367434262EB732006C9E0D /* Test */ = {
			isa = PBXGroup;
			children = (
				55367435262EB746006C9E0D /* Security_Keyboard.xib */,
			);
			path = Test;
			sourceTree = "<group>";
		};
/* End PBXGroup section */

/* Begin PBXNativeTarget section */
		55367414262EAF48006C9E0D /* Custom_Keyboard */ = {
			isa = PBXNativeTarget;
			buildConfigurationList = 55367429262EAF48006C9E0D /* Build configuration list for PBXNativeTarget "Custom_Keyboard" */;
			buildPhases = (
				55367411262EAF48006C9E0D /* Sources */,
				55367412262EAF48006C9E0D /* Frameworks */,
				55367413262EAF48006C9E0D /* Resources */,
			);
			buildRules = (
			);
			dependencies = (
			);
			name = Custom_Keyboard;
			productName = Custom_Keyboard;
			productReference = 55367415262EAF48006C9E0D /* Custom_Keyboard.app */;
			productType = "com.apple.product-type.application";
		};
/* End PBXNativeTarget section */

/* Begin PBXProject section */
		5536740D262EAF48006C9E0D /* Project object */ = {
			isa = PBXProject;
			attributes = {
				LastSwiftUpdateCheck = 1240;
				LastUpgradeCheck = 1240;
				TargetAttributes = {
					55367414262EAF48006C9E0D = {
						CreatedOnToolsVersion = 12.4;
					};
				};
			};
			buildConfigurationList = 55367410262EAF48006C9E0D /* Build configuration list for PBXProject "Custom_Keyboard" */;
			compatibilityVersion = "Xcode 9.3";
			developmentRegion = en;
			hasScannedForEncodings = 0;
			knownRegions = (
				en,
				Base,
			);
			mainGroup = 5536740C262EAF48006C9E0D;
			productRefGroup = 55367416262EAF48006C9E0D /* Products */;
			projectDirPath = "";
			projectRoot = "";
			targets = (
				55367414262EAF48006C9E0D /* Custom_Keyboard */,
			);
		};
/* End PBXProject section */

/* Begin PBXResourcesBuildPhase section */
		55367413262EAF48006C9E0D /* Resources */ = {
			isa = PBXResourcesBuildPhase;
			buildActionMask = 2147483647;
			files = (
				55367425262EAF48006C9E0D /* LaunchScreen.storyboard in Resources */,
				55367422262EAF48006C9E0D /* Assets.xcassets in Resources */,
				55367436262EB747006C9E0D /* Security_Keyboard.xib in Resources */,
				55367420262EAF48006C9E0D /* Main.storyboard in Resources */,
				55367432262EB131006C9E0D /* CustomKeyboard.xib in Resources */,
			);
			runOnlyForDeploymentPostprocessing = 0;
		};
/* End PBXResourcesBuildPhase section */

/* Begin PBXSourcesBuildPhase section */
		55367411262EAF48006C9E0D /* Sources */ = {
			isa = PBXSourcesBuildPhase;
			buildActionMask = 2147483647;
			files = (
				5536741D262EAF48006C9E0D /* ViewController.swift in Sources */,
				55367419262EAF48006C9E0D /* AppDelegate.swift in Sources */,
				5536741B262EAF48006C9E0D /* SceneDelegate.swift in Sources */,
				5536743A262EC7E9006C9E0D /* CustomKeyboard.swift in Sources */,
			);
			runOnlyForDeploymentPostprocessing = 0;
		};
/* End PBXSourcesBuildPhase section */

/* Begin PBXVariantGroup section */
		5536741E262EAF48006C9E0D /* Main.storyboard */ = {
			isa = PBXVariantGroup;
			children = (
				5536741F262EAF48006C9E0D /* Base */,
			);
			name = Main.storyboard;
			sourceTree = "<group>";
		};
		55367423262EAF48006C9E0D /* LaunchScreen.storyboard */ = {
			isa = PBXVariantGroup;
			children = (
				55367424262EAF48006C9E0D /* Base */,
			);
			name = LaunchScreen.storyboard;
			sourceTree = "<group>";
		};
/* End PBXVariantGroup section */

/* Begin XCBuildConfiguration section */
		55367427262EAF48006C9E0D /* Debug */ = {
			isa = XCBuildConfiguration;
			buildSettings = {
				ALWAYS_SEARCH_USER_PATHS = NO;
				CLANG_ANALYZER_NONNULL = YES;
				CLANG_ANALYZER_NUMBER_OBJECT_CONVERSION = YES_AGGRESSIVE;
				CLANG_CXX_LANGUAGE_STANDARD = "gnu++14";
				CLANG_CXX_LIBRARY = "libc++";
				CLANG_ENABLE_MODULES = YES;
				CLANG_ENABLE_OBJC_ARC = YES;
				CLANG_ENABLE_OBJC_WEAK = YES;
				CLANG_WARN_BLOCK_CAPTURE_AUTORELEASING = YES;
				CLANG_WARN_BOOL_CONVERSION = YES;
				CLANG_WARN_COMMA = YES;
				CLANG_WARN_CONSTANT_CONVERSION = YES;
				CLANG_WARN_DEPRECATED_OBJC_IMPLEMENTATIONS = YES;
				CLANG_WARN_DIRECT_OBJC_ISA_USAGE = YES_ERROR;
				CLANG_WARN_DOCUMENTATION_COMMENTS = YES;
				CLANG_WARN_EMPTY_BODY = YES;
				CLANG_WARN_ENUM_CONVERSION = YES;
				CLANG_WARN_INFINITE_RECURSION = YES;
				CLANG_WARN_INT_CONVERSION = YES;
				CLANG_WARN_NON_LITERAL_NULL_CONVERSION = YES;
				CLANG_WARN_OBJC_IMPLICIT_RETAIN_SELF = YES;
				CLANG_WARN_OBJC_LITERAL_CONVERSION = YES;
				CLANG_WARN_OBJC_ROOT_CLASS = YES_ERROR;
				CLANG_WARN_QUOTED_INCLUDE_IN_FRAMEWORK_HEADER = YES;
				CLANG_WARN_RANGE_LOOP_ANALYSIS = YES;
				CLANG_WARN_STRICT_PROTOTYPES = YES;
				CLANG_WARN_SUSPICIOUS_MOVE = YES;
				CLANG_WARN_UNGUARDED_AVAILABILITY = YES_AGGRESSIVE;
				CLANG_WARN_UNREACHABLE_CODE = YES;
				CLANG_WARN__DUPLICATE_METHOD_MATCH = YES;
				COPY_PHASE_STRIP = NO;
				DEBUG_INFORMATION_FORMAT = dwarf;
				ENABLE_STRICT_OBJC_MSGSEND = YES;
				ENABLE_TESTABILITY = YES;
				GCC_C_LANGUAGE_STANDARD = gnu11;
				GCC_DYNAMIC_NO_PIC = NO;
				GCC_NO_COMMON_BLOCKS = YES;
				GCC_OPTIMIZATION_LEVEL = 0;
				GCC_PREPROCESSOR_DEFINITIONS = (
					"DEBUG=1",
					"$(inherited)",
				);
				GCC_WARN_64_TO_32_BIT_CONVERSION = YES;
				GCC_WARN_ABOUT_RETURN_TYPE = YES_ERROR;
				GCC_WARN_UNDECLARED_SELECTOR = YES;
				GCC_WARN_UNINITIALIZED_AUTOS = YES_AGGRESSIVE;
				GCC_WARN_UNUSED_FUNCTION = YES;
				GCC_WARN_UNUSED_VARIABLE = YES;
				IPHONEOS_DEPLOYMENT_TARGET = 14.4;
				MTL_ENABLE_DEBUG_INFO = INCLUDE_SOURCE;
				MTL_FAST_MATH = YES;
				ONLY_ACTIVE_ARCH = YES;
				SDKROOT = iphoneos;
				SWIFT_ACTIVE_COMPILATION_CONDITIONS = DEBUG;
				SWIFT_OPTIMIZATION_LEVEL = "-Onone";
			};
			name = Debug;
		};
		55367428262EAF48006C9E0D /* Release */ = {
			isa = XCBuildConfiguration;
			buildSettings = {
				ALWAYS_SEARCH_USER_PATHS = NO;
				CLANG_ANALYZER_NONNULL = YES;
				CLANG_ANALYZER_NUMBER_OBJECT_CONVERSION = YES_AGGRESSIVE;
				CLANG_CXX_LANGUAGE_STANDARD = "gnu++14";
				CLANG_CXX_LIBRARY = "libc++";
				CLANG_ENABLE_MODULES = YES;
				CLANG_ENABLE_OBJC_ARC = YES;
				CLANG_ENABLE_OBJC_WEAK = YES;
				CLANG_WARN_BLOCK_CAPTURE_AUTORELEASING = YES;
				CLANG_WARN_BOOL_CONVERSION = YES;
				CLANG_WARN_COMMA = YES;
				CLANG_WARN_CONSTANT_CONVERSION = YES;
				CLANG_WARN_DEPRECATED_OBJC_IMPLEMENTATIONS = YES;
				CLANG_WARN_DIRECT_OBJC_ISA_USAGE = YES_ERROR;
				CLANG_WARN_DOCUMENTATION_COMMENTS = YES;
				CLANG_WARN_EMPTY_BODY = YES;
				CLANG_WARN_ENUM_CONVERSION = YES;
				CLANG_WARN_INFINITE_RECURSION = YES;
				CLANG_WARN_INT_CONVERSION = YES;
				CLANG_WARN_NON_LITERAL_NULL_CONVERSION = YES;
				CLANG_WARN_OBJC_IMPLICIT_RETAIN_SELF = YES;
				CLANG_WARN_OBJC_LITERAL_CONVERSION = YES;
				CLANG_WARN_OBJC_ROOT_CLASS = YES_ERROR;
				CLANG_WARN_QUOTED_INCLUDE_IN_FRAMEWORK_HEADER = YES;
				CLANG_WARN_RANGE_LOOP_ANALYSIS = YES;
				CLANG_WARN_STRICT_PROTOTYPES = YES;
				CLANG_WARN_SUSPICIOUS_MOVE = YES;
				CLANG_WARN_UNGUARDED_AVAILABILITY = YES_AGGRESSIVE;
				CLANG_WARN_UNREACHABLE_CODE = YES;
				CLANG_WARN__DUPLICATE_METHOD_MATCH = YES;
				COPY_PHASE_STRIP = NO;
				DEBUG_INFORMATION_FORMAT = "dwarf-with-dsym";
				ENABLE_NS_ASSERTIONS = NO;
				ENABLE_STRICT_OBJC_MSGSEND = YES;
				GCC_C_LANGUAGE_STANDARD = gnu11;
				GCC_NO_COMMON_BLOCKS = YES;
				GCC_WARN_64_TO_32_BIT_CONVERSION = YES;
				GCC_WARN_ABOUT_RETURN_TYPE = YES_ERROR;
				GCC_WARN_UNDECLARED_SELECTOR = YES;
				GCC_WARN_UNINITIALIZED_AUTOS = YES_AGGRESSIVE;
				GCC_WARN_UNUSED_FUNCTION = YES;
				GCC_WARN_UNUSED_VARIABLE = YES;
				IPHONEOS_DEPLOYMENT_TARGET = 14.4;
				MTL_ENABLE_DEBUG_INFO = NO;
				MTL_FAST_MATH = YES;
				SDKROOT = iphoneos;
				SWIFT_COMPILATION_MODE = wholemodule;
				SWIFT_OPTIMIZATION_LEVEL = "-O";
				VALIDATE_PRODUCT = YES;
			};
			name = Release;
		};
		5536742A262EAF48006C9E0D /* Debug */ = {
			isa = XCBuildConfiguration;
			buildSettings = {
				ASSETCATALOG_COMPILER_APPICON_NAME = AppIcon;
				ASSETCATALOG_COMPILER_GLOBAL_ACCENT_COLOR_NAME = AccentColor;
				CODE_SIGN_STYLE = Automatic;
				INFOPLIST_FILE = Custom_Keyboard/Info.plist;
				LD_RUNPATH_SEARCH_PATHS = (
					"$(inherited)",
					"@executable_path/Frameworks",
				);
				PRODUCT_BUNDLE_IDENTIFIER = "com.autolayout.Custom-Keyboard";
				PRODUCT_NAME = "$(TARGET_NAME)";
				SWIFT_VERSION = 5.0;
				TARGETED_DEVICE_FAMILY = "1,2";
			};
			name = Debug;
		};
		5536742B262EAF48006C9E0D /* Release */ = {
			isa = XCBuildConfiguration;
			buildSettings = {
				ASSETCATALOG_COMPILER_APPICON_NAME = AppIcon;
				ASSETCATALOG_COMPILER_GLOBAL_ACCENT_COLOR_NAME = AccentColor;
				CODE_SIGN_STYLE = Automatic;
				INFOPLIST_FILE = Custom_Keyboard/Info.plist;
				LD_RUNPATH_SEARCH_PATHS = (
					"$(inherited)",
					"@executable_path/Frameworks",
				);
				PRODUCT_BUNDLE_IDENTIFIER = "com.autolayout.Custom-Keyboard";
				PRODUCT_NAME = "$(TARGET_NAME)";
				SWIFT_VERSION = 5.0;
				TARGETED_DEVICE_FAMILY = "1,2";
			};
			name = Release;
		};
/* End XCBuildConfiguration section */

/* Begin XCConfigurationList section */
		55367410262EAF48006C9E0D /* Build configuration list for PBXProject "Custom_Keyboard" */ = {
			isa = XCConfigurationList;
			buildConfigurations = (
				55367427262EAF48006C9E0D /* Debug */,
				55367428262EAF48006C9E0D /* Release */,
			);
			defaultConfigurationIsVisible = 0;
			defaultConfigurationName = Release;
		};
		55367429262EAF48006C9E0D /* Build configuration list for PBXNativeTarget "Custom_Keyboard" */ = {
			isa = XCConfigurationList;
			buildConfigurations = (
				5536742A262EAF48006C9E0D /* Debug */,
				5536742B262EAF48006C9E0D /* Release */,
			);
			defaultConfigurationIsVisible = 0;
			defaultConfigurationName = Release;
		};
/* End XCConfigurationList section */
	};
	rootObject = 5536740D262EAF48006C9E0D /* Project object */;
}
